
Microsoft Visual Studio Solution File, Format Version 12.00
# Visual Studio 15
VisualStudioVersion = 15.0.27130.2027
MinimumVisualStudioVersion = 10.0.40219.1
Project("{FAE04EC0-301F-11D3-BF4B-00C04F79EFBC}") = "ExampleProject-Moq", "ExampleProject-Moq\ExampleProject-Moq.csproj", "{C2D4DC7D-F845-493A-AB6B-959FB4F17BB5}"
EndProject
Project("{9A19103F-16F7-4668-BE54-9A1E7A4F7556}") = "NantauCommon", "G:\Dev\dnd5eManager\NantauCommon\NantauCommon.csproj", "{5B1E3BCE-4D68-4D4A-811F-72244EFE2EFB}"
EndProject
Project("{FAE04EC0-301F-11D3-BF4B-00C04F79EFBC}") = "ExampleProject-Moq.Test", "ExampleProject-Moq.Test\ExampleProject-Moq.Test.csproj", "{5F2FA419-CA1B-462B-94C4-6257723F5AE0}"
EndProject
Global
	GlobalSection(SolutionConfigurationPlatforms) = preSolution
		Debug|Any CPU = Debug|Any CPU
		Release|Any CPU = Release|Any CPU
	EndGlobalSection
	GlobalSection(ProjectConfigurationPlatforms) = postSolution
		{C2D4DC7D-F845-493A-AB6B-959FB4F17BB5}.Debug|Any CPU.ActiveCfg = Debug|Any CPU
		{C2D4DC7D-F845-493A-AB6B-959FB4F17BB5}.Debug|Any CPU.Build.0 = Debug|Any CPU
		{C2D4DC7D-F845-493A-AB6B-959FB4F17BB5}.Release|Any CPU.ActiveCfg = Release|Any CPU
		{C2D4DC7D-F845-493A-AB6B-959FB4F17BB5}.Release|Any CPU.Build.0 = Release|Any CPU
		{5B1E3BCE-4D68-4D4A-811F-72244EFE2EFB}.Debug|Any CPU.ActiveCfg = Debug|Any CPU
		{5B1E3BCE-4D68-4D4A-811F-72244EFE2EFB}.Debug|Any CPU.Build.0 = Debug|Any CPU
		{5B1E3BCE-4D68-4D4A-811F-72244EFE2EFB}.Release|Any CPU.ActiveCfg = Release|Any CPU
		{5B1E3BCE-4D68-4D4A-811F-72244EFE2EFB}.Release|Any CPU.Build.0 = Release|Any CPU
		{5F2FA419-CA1B-462B-94C4-6257723F5AE0}.Debug|Any CPU.ActiveCfg = Debug|Any CPU
		{5F2FA419-CA1B-462B-94C4-6257723F5AE0}.Debug|Any CPU.Build.0 = Debug|Any CPU
		{5F2FA419-CA1B-462B-94C4-6257723F5AE0}.Release|Any CPU.ActiveCfg = Release|Any CPU
		{5F2FA419-CA1B-462B-94C4-6257723F5AE0}.Release|Any CPU.Build.0 = Release|Any CPU
	EndGlobalSection
	GlobalSection(SolutionProperties) = preSolution
		HideSolutionNode = FALSE
	EndGlobalSection
	GlobalSection(ExtensibilityGlobals) = postSolution
		SolutionGuid = {7EC273CC-19B5-43E5-BDE9-C34644232761}
	EndGlobalSection
EndGlobal
